
Microsoft Visual Studio Solution File, Format Version 12.00
# Visual Studio Version 17
VisualStudioVersion = 17.3.32922.545
MinimumVisualStudioVersion = 10.0.40219.1
Project("{9A19103F-16F7-4668-BE54-9A1E7A4F7556}") = "LuaLoader", "LuaLoader.csproj", "{3CF27363-AF1A-4595-B2E8-0406B6F45290}"
EndProject
Global
	GlobalSection(SolutionConfigurationPlatforms) = preSolution
		Debug|Any CPU = Debug|Any CPU
		Release|Any CPU = Release|Any CPU
	EndGlobalSection
	GlobalSection(ProjectConfigurationPlatforms) = postSolution
		{3CF27363-AF1A-4595-B2E8-0406B6F45290}.Debug|Any CPU.ActiveCfg = Debug|Any CPU
		{3CF27363-AF1A-4595-B2E8-0406B6F45290}.Debug|Any CPU.Build.0 = Debug|Any CPU
		{3CF27363-AF1A-4595-B2E8-0406B6F45290}.Release|Any CPU.ActiveCfg = Release|Any CPU
		{3CF27363-AF1A-4595-B2E8-0406B6F45290}.Release|Any CPU.Build.0 = Release|Any CPU
	EndGlobalSection
	GlobalSection(SolutionProperties) = preSolution
		HideSolutionNode = FALSE
	EndGlobalSection
	GlobalSection(ExtensibilityGlobals) = postSolution
		SolutionGuid = {132B7E76-502A-41EA-AB3B-580E0FDE5B74}
	EndGlobalSection
EndGlobal
